<Solution>
  <Project Path="Assembly-CSharp.csproj" />
  <Project Path="Unity.PlasticSCM.Editor.csproj" />
  <Project Path="Unity.Behavior.GraphFramework.csproj" />
  <Project Path="Unity.ProBuilder.csproj" />
  <Project Path="Unity.Behavior.Authoring.csproj" />
  <Project Path="AeLa.EasyFeedback.csproj" />
  <Project Path="Unity.Cinemachine.Editor.csproj" />
  <Project Path="Unity.ProBuilder.Poly2Tri.csproj" />
  <Project Path="FishNet.Codegen.Cecil.csproj" />
  <Project Path="Unity.Behavior.csproj" />
  <Project Path="FishNet.Runtime.csproj" />
  <Project Path="Unity.ProBuilder.Csg.csproj" />
  <Project Path="Unity.Recorder.Editor.csproj" />
  <Project Path="Unity.Behavior.Serialization.csproj" />
  <Project Path="Unity.ProBuilder.Editor.csproj" />
  <Project Path="GameKit.Dependencies.csproj" />
  <Project Path="Unity.Cinemachine.csproj" />
  <Project Path="Unity.Postprocessing.Editor.csproj" />
  <Project Path="Unity.Postprocessing.Runtime.csproj" />
  <Project Path="AIAssembly.csproj" />
  <Project Path="Unity.FishNet.Codegen.csproj" />
  <Project Path="Unity.Muse.Behavior.csproj" />
  <Project Path="Unity.Recorder.csproj" />
  <Project Path="AeLa.EasyFeedback.InputSystemSupport.Editor.csproj" />
  <Project Path="Unity.Behavior.SerializableGUID.csproj" />
  <Project Path="Unity.ProBuilder.KdTree.csproj" />
  <Project Path="Unity.ProBuilder.AddOns.Editor.csproj" />
  <Project Path="FishNet.Demos.csproj" />
  <Project Path="AeLa.EasyFeedback.Demo.csproj" />
  <Project Path="AeLa.EasyFeedback.Editor.csproj" />
  <Project Path="AeLa.EasyFeedback.InputSystemSupport.csproj" />
  <Project Path="HealthSystemAssembly.csproj" />
  <Project Path="Unity.ProBuilder.AssetIdRemapUtility.csproj" />
  <Project Path="DamageAssembly.csproj" />
  <Project Path="Unity.Recorder.Base.csproj" />
  <Project Path="Unity.CollabProxy.Editor.csproj" />
  <Project Path="Unity.Behavior.Editor.csproj" />
  <Project Path="Assembly-CSharp-Editor.csproj" />
  <Project Path="Unity.Behavior.Serialization.Editor.csproj" />
  <Project Path="Unity.ProBuilder.Stl.csproj" />
  <Project Path="Unity.InputSystem.RebindingUI.csproj" />
  <Project Path="Unity.PlasticSCM.Editor.Entities.csproj" />
  <Project Path="Unity.Postprocessing.Runtime.Tests.csproj" />
  <Project Path="Unity.Postprocessing.Editor.Tests.csproj" />
</Solution>
